// !$*UTF8*$!
{
	archiveVersion = 1;
	classes = {
	};
	objectVersion = 46;
	objects = {

/* Begin PBXBuildFile section */
		A03F92F409F2041C4690DC53 /* Pods_Facebook_clone.framework in Frameworks */ = {isa = PBXBuildFile; fileRef = 731A26C3FF8EACD6C9AD8CCD /* Pods_Facebook_clone.framework */; };
		CD653CB81E9A794700731678 /* Varsity.ttf in Resources */ = {isa = PBXBuildFile; fileRef = CD653CB71E9A794700731678 /* Varsity.ttf */; };
		CDE670351E9E752500D73EB7 /* CustomButton.swift in Sources */ = {isa = PBXBuildFile; fileRef = CDE670341E9E752500D73EB7 /* CustomButton.swift */; };
		CDE670371E9E755C00D73EB7 /* CustomTextField.swift in Sources */ = {isa = PBXBuildFile; fileRef = CDE670361E9E755C00D73EB7 /* CustomTextField.swift */; };
		CDE670401E9E810B00D73EB7 /* Rounded.swift in Sources */ = {isa = PBXBuildFile; fileRef = CDE6703F1E9E810B00D73EB7 /* Rounded.swift */; };
		CDE670421E9E825000D73EB7 /* Bordered.swift in Sources */ = {isa = PBXBuildFile; fileRef = CDE670411E9E825000D73EB7 /* Bordered.swift */; };
		CDE6BC631E9A44110036FD8C /* AppDelegate.swift in Sources */ = {isa = PBXBuildFile; fileRef = CDE6BC621E9A44110036FD8C /* AppDelegate.swift */; };
		CDE6BC881E9A487E0036FD8C /* GoogleService-Info.plist in Resources */ = {isa = PBXBuildFile; fileRef = CDE6BC851E9A487E0036FD8C /* GoogleService-Info.plist */; };
		CDE6BC9A1E9A48C80036FD8C /* LaunchScreen.storyboard in Resources */ = {isa = PBXBuildFile; fileRef = CDE6BC961E9A48C80036FD8C /* LaunchScreen.storyboard */; };
		CDE6BC9B1E9A48C80036FD8C /* Main.storyboard in Resources */ = {isa = PBXBuildFile; fileRef = CDE6BC981E9A48C80036FD8C /* Main.storyboard */; };
		CDE6BC9D1E9A48D50036FD8C /* SignInVC.swift in Sources */ = {isa = PBXBuildFile; fileRef = CDE6BC9C1E9A48D50036FD8C /* SignInVC.swift */; };
		CDE6BC9F1E9A48E90036FD8C /* Assets.xcassets in Resources */ = {isa = PBXBuildFile; fileRef = CDE6BC9E1E9A48E90036FD8C /* Assets.xcassets */; };
		CDE6BCA11E9A4E5E0036FD8C /* Podfile in Resources */ = {isa = PBXBuildFile; fileRef = CDE6BCA01E9A4E5E0036FD8C /* Podfile */; };
		CDE6BCA31E9A4EFE0036FD8C /* .swiftlint.yml in Resources */ = {isa = PBXBuildFile; fileRef = CDE6BCA21E9A4EFE0036FD8C /* .swiftlint.yml */; };
/* End PBXBuildFile section */

/* Begin PBXFileReference section */
		731A26C3FF8EACD6C9AD8CCD /* Pods_Facebook_clone.framework */ = {isa = PBXFileReference; explicitFileType = wrapper.framework; includeInIndex = 0; path = Pods_Facebook_clone.framework; sourceTree = BUILT_PRODUCTS_DIR; };
		827FC3703A7A3F65AA3F5E94 /* Pods-Facebook-clone.debug.xcconfig */ = {isa = PBXFileReference; includeInIndex = 1; lastKnownFileType = text.xcconfig; name = "Pods-Facebook-clone.debug.xcconfig"; path = "Pods/Target Support Files/Pods-Facebook-clone/Pods-Facebook-clone.debug.xcconfig"; sourceTree = "<group>"; };
		CD653CB71E9A794700731678 /* Varsity.ttf */ = {isa = PBXFileReference; lastKnownFileType = file; name = Varsity.ttf; path = Ressources/Varsity.ttf; sourceTree = "<group>"; };
		CDE670341E9E752500D73EB7 /* CustomButton.swift */ = {isa = PBXFileReference; fileEncoding = 4; lastKnownFileType = sourcecode.swift; path = CustomButton.swift; sourceTree = "<group>"; };
		CDE670361E9E755C00D73EB7 /* CustomTextField.swift */ = {isa = PBXFileReference; fileEncoding = 4; lastKnownFileType = sourcecode.swift; path = CustomTextField.swift; sourceTree = "<group>"; };
		CDE6703F1E9E810B00D73EB7 /* Rounded.swift */ = {isa = PBXFileReference; fileEncoding = 4; lastKnownFileType = sourcecode.swift; path = Rounded.swift; sourceTree = "<group>"; };
		CDE670411E9E825000D73EB7 /* Bordered.swift */ = {isa = PBXFileReference; fileEncoding = 4; lastKnownFileType = sourcecode.swift; path = Bordered.swift; sourceTree = "<group>"; };
		CDE6BC5F1E9A44110036FD8C /* Facebook-clone.app */ = {isa = PBXFileReference; explicitFileType = wrapper.application; includeInIndex = 0; path = "Facebook-clone.app"; sourceTree = BUILT_PRODUCTS_DIR; };
		CDE6BC621E9A44110036FD8C /* AppDelegate.swift */ = {isa = PBXFileReference; lastKnownFileType = sourcecode.swift; path = AppDelegate.swift; sourceTree = "<group>"; };
		CDE6BC851E9A487E0036FD8C /* GoogleService-Info.plist */ = {isa = PBXFileReference; fileEncoding = 4; lastKnownFileType = text.plist.xml; name = "GoogleService-Info.plist"; path = "Config/GoogleService-Info.plist"; sourceTree = "<group>"; };
		CDE6BC861E9A487E0036FD8C /* Info.plist */ = {isa = PBXFileReference; fileEncoding = 4; lastKnownFileType = text.plist.xml; name = Info.plist; path = Config/Info.plist; sourceTree = "<group>"; };
		CDE6BC971E9A48C80036FD8C /* Base */ = {isa = PBXFileReference; lastKnownFileType = file.storyboard; name = Base; path = View/Base.lproj/LaunchScreen.storyboard; sourceTree = "<group>"; };
		CDE6BC991E9A48C80036FD8C /* Base */ = {isa = PBXFileReference; lastKnownFileType = file.storyboard; name = Base; path = View/Base.lproj/Main.storyboard; sourceTree = "<group>"; };
		CDE6BC9C1E9A48D50036FD8C /* SignInVC.swift */ = {isa = PBXFileReference; fileEncoding = 4; lastKnownFileType = sourcecode.swift; name = SignInVC.swift; path = Controller/SignInVC.swift; sourceTree = "<group>"; };
		CDE6BC9E1E9A48E90036FD8C /* Assets.xcassets */ = {isa = PBXFileReference; lastKnownFileType = folder.assetcatalog; name = Assets.xcassets; path = Ressources/Assets.xcassets; sourceTree = "<group>"; };
		CDE6BCA01E9A4E5E0036FD8C /* Podfile */ = {isa = PBXFileReference; fileEncoding = 4; lastKnownFileType = text; path = Podfile; sourceTree = SOURCE_ROOT; xcLanguageSpecificationIdentifier = xcode.lang.ruby; };
		CDE6BCA21E9A4EFE0036FD8C /* .swiftlint.yml */ = {isa = PBXFileReference; fileEncoding = 4; lastKnownFileType = text; path = .swiftlint.yml; sourceTree = SOURCE_ROOT; };
		D4FD18F1B3EFC8282D33E70E /* Pods-Facebook-clone.release.xcconfig */ = {isa = PBXFileReference; includeInIndex = 1; lastKnownFileType = text.xcconfig; name = "Pods-Facebook-clone.release.xcconfig"; path = "Pods/Target Support Files/Pods-Facebook-clone/Pods-Facebook-clone.release.xcconfig"; sourceTree = "<group>"; };
/* End PBXFileReference section */

/* Begin PBXFrameworksBuildPhase section */
		CDE6BC5C1E9A44110036FD8C /* Frameworks */ = {
			isa = PBXFrameworksBuildPhase;
			buildActionMask = 2147483647;
			files = (
				A03F92F409F2041C4690DC53 /* Pods_Facebook_clone.framework in Frameworks */,
			);
			runOnlyForDeploymentPostprocessing = 0;
		};
/* End PBXFrameworksBuildPhase section */

/* Begin PBXGroup section */
		943A00EDD66782D46D990E7A /* Frameworks */ = {
			isa = PBXGroup;
			children = (
				731A26C3FF8EACD6C9AD8CCD /* Pods_Facebook_clone.framework */,
			);
			name = Frameworks;
			sourceTree = "<group>";
		};
		C2F582D67052E425FBAFB3E2 /* Pods */ = {
			isa = PBXGroup;
			children = (
				827FC3703A7A3F65AA3F5E94 /* Pods-Facebook-clone.debug.xcconfig */,
				D4FD18F1B3EFC8282D33E70E /* Pods-Facebook-clone.release.xcconfig */,
			);
			name = Pods;
			sourceTree = "<group>";
		};
		CDE670381E9E759E00D73EB7 /* Protocols */ = {
			isa = PBXGroup;
			children = (
				CDE6703F1E9E810B00D73EB7 /* Rounded.swift */,
				CDE670411E9E825000D73EB7 /* Bordered.swift */,
			);
			name = Protocols;
			sourceTree = "<group>";
		};
		CDE6BC561E9A44110036FD8C = {
			isa = PBXGroup;
			children = (
				CDE6BC611E9A44110036FD8C /* Facebook-clone */,
				CDE6BC601E9A44110036FD8C /* Products */,
				C2F582D67052E425FBAFB3E2 /* Pods */,
				943A00EDD66782D46D990E7A /* Frameworks */,
			);
			sourceTree = "<group>";
		};
		CDE6BC601E9A44110036FD8C /* Products */ = {
			isa = PBXGroup;
			children = (
				CDE6BC5F1E9A44110036FD8C /* Facebook-clone.app */,
			);
			name = Products;
			sourceTree = "<group>";
		};
		CDE6BC611E9A44110036FD8C /* Facebook-clone */ = {
			isa = PBXGroup;
			children = (
				CDE670381E9E759E00D73EB7 /* Protocols */,
				CDE6BC801E9A45330036FD8C /* Config */,
				CDE6BC7D1E9A451D0036FD8C /* Model */,
				CDE6BC7E1E9A45220036FD8C /* View */,
				CDE6BC7F1E9A45290036FD8C /* Controller */,
				CDE6BC831E9A47230036FD8C /* Services */,
				CDE6BC841E9A47520036FD8C /* Extensions */,
				CDE6BC821E9A47060036FD8C /* Helpers */,
				CDE6BC811E9A45380036FD8C /* Ressources */,
				CDE6BC621E9A44110036FD8C /* AppDelegate.swift */,
			);
			path = "Facebook-clone";
			sourceTree = "<group>";
		};
		CDE6BC7D1E9A451D0036FD8C /* Model */ = {
			isa = PBXGroup;
			children = (
			);
			name = Model;
			sourceTree = "<group>";
		};
		CDE6BC7E1E9A45220036FD8C /* View */ = {
			isa = PBXGroup;
			children = (
				CDE6BC961E9A48C80036FD8C /* LaunchScreen.storyboard */,
				CDE6BC981E9A48C80036FD8C /* Main.storyboard */,
				CDE670341E9E752500D73EB7 /* CustomButton.swift */,
				CDE670361E9E755C00D73EB7 /* CustomTextField.swift */,
			);
			name = View;
			sourceTree = "<group>";
		};
		CDE6BC7F1E9A45290036FD8C /* Controller */ = {
			isa = PBXGroup;
			children = (
				CDE6BC9C1E9A48D50036FD8C /* SignInVC.swift */,
			);
			name = Controller;
			sourceTree = "<group>";
		};
		CDE6BC801E9A45330036FD8C /* Config */ = {
			isa = PBXGroup;
			children = (
				CDE6BC851E9A487E0036FD8C /* GoogleService-Info.plist */,
				CDE6BCA01E9A4E5E0036FD8C /* Podfile */,
				CDE6BC861E9A487E0036FD8C /* Info.plist */,
				CDE6BCA21E9A4EFE0036FD8C /* .swiftlint.yml */,
			);
			name = Config;
			sourceTree = "<group>";
		};
		CDE6BC811E9A45380036FD8C /* Ressources */ = {
			isa = PBXGroup;
			children = (
				CD653CB71E9A794700731678 /* Varsity.ttf */,
				CDE6BC9E1E9A48E90036FD8C /* Assets.xcassets */,
			);
			name = Ressources;
			sourceTree = "<group>";
		};
		CDE6BC821E9A47060036FD8C /* Helpers */ = {
			isa = PBXGroup;
			children = (
			);
			name = Helpers;
			sourceTree = "<group>";
		};
		CDE6BC831E9A47230036FD8C /* Services */ = {
			isa = PBXGroup;
			children = (
			);
			name = Services;
			sourceTree = "<group>";
		};
		CDE6BC841E9A47520036FD8C /* Extensions */ = {
			isa = PBXGroup;
			children = (
			);
			name = Extensions;
			sourceTree = "<group>";
		};
/* End PBXGroup section */

/* Begin PBXNativeTarget section */
		CDE6BC5E1E9A44110036FD8C /* Facebook-clone */ = {
			isa = PBXNativeTarget;
			buildConfigurationList = CDE6BC711E9A44110036FD8C /* Build configuration list for PBXNativeTarget "Facebook-clone" */;
			buildPhases = (
				626BD9BD2F6A06A2A08DD42E /* [CP] Check Pods Manifest.lock */,
				CDE6BC5B1E9A44110036FD8C /* Sources */,
				CDE6BC5C1E9A44110036FD8C /* Frameworks */,
				CDE6BC5D1E9A44110036FD8C /* Resources */,
				CDE6BC781E9A44810036FD8C /* ShellScript */,
				9450E04A571F24EC83ACA630 /* [CP] Embed Pods Frameworks */,
				3CBA19B0EA6F16AF633B092A /* [CP] Copy Pods Resources */,
			);
			buildRules = (
			);
			dependencies = (
			);
			name = "Facebook-clone";
			productName = "Facebook-clone";
			productReference = CDE6BC5F1E9A44110036FD8C /* Facebook-clone.app */;
			productType = "com.apple.product-type.application";
		};
/* End PBXNativeTarget section */

/* Begin PBXProject section */
		CDE6BC571E9A44110036FD8C /* Project object */ = {
			isa = PBXProject;
			attributes = {
				LastSwiftUpdateCheck = 0820;
				LastUpgradeCheck = 0830;
				ORGANIZATIONNAME = "yoann lathuiliere";
				TargetAttributes = {
					CDE6BC5E1E9A44110036FD8C = {
						CreatedOnToolsVersion = 8.2.1;
						DevelopmentTeam = K39GEY9S2K;
						ProvisioningStyle = Automatic;
					};
				};
			};
			buildConfigurationList = CDE6BC5A1E9A44110036FD8C /* Build configuration list for PBXProject "Facebook-clone" */;
			compatibilityVersion = "Xcode 3.2";
			developmentRegion = English;
			hasScannedForEncodings = 0;
			knownRegions = (
				en,
				Base,
			);
			mainGroup = CDE6BC561E9A44110036FD8C;
			productRefGroup = CDE6BC601E9A44110036FD8C /* Products */;
			projectDirPath = "";
			projectRoot = "";
			targets = (
				CDE6BC5E1E9A44110036FD8C /* Facebook-clone */,
			);
		};
/* End PBXProject section */

/* Begin PBXResourcesBuildPhase section */
		CDE6BC5D1E9A44110036FD8C /* Resources */ = {
			isa = PBXResourcesBuildPhase;
			buildActionMask = 2147483647;
			files = (
				CDE6BC9A1E9A48C80036FD8C /* LaunchScreen.storyboard in Resources */,
				CDE6BC9B1E9A48C80036FD8C /* Main.storyboard in Resources */,
				CD653CB81E9A794700731678 /* Varsity.ttf in Resources */,
				CDE6BC881E9A487E0036FD8C /* GoogleService-Info.plist in Resources */,
				CDE6BCA31E9A4EFE0036FD8C /* .swiftlint.yml in Resources */,
				CDE6BC9F1E9A48E90036FD8C /* Assets.xcassets in Resources */,
				CDE6BCA11E9A4E5E0036FD8C /* Podfile in Resources */,
			);
			runOnlyForDeploymentPostprocessing = 0;
		};
/* End PBXResourcesBuildPhase section */

/* Begin PBXShellScriptBuildPhase section */
		3CBA19B0EA6F16AF633B092A /* [CP] Copy Pods Resources */ = {
			isa = PBXShellScriptBuildPhase;
			buildActionMask = 2147483647;
			files = (
			);
			inputPaths = (
			);
			name = "[CP] Copy Pods Resources";
			outputPaths = (
			);
			runOnlyForDeploymentPostprocessing = 0;
			shellPath = /bin/sh;
			shellScript = "\"${SRCROOT}/Pods/Target Support Files/Pods-Facebook-clone/Pods-Facebook-clone-resources.sh\"\n";
			showEnvVarsInLog = 0;
		};
		626BD9BD2F6A06A2A08DD42E /* [CP] Check Pods Manifest.lock */ = {
			isa = PBXShellScriptBuildPhase;
			buildActionMask = 2147483647;
			files = (
			);
			inputPaths = (
			);
			name = "[CP] Check Pods Manifest.lock";
			outputPaths = (
			);
			runOnlyForDeploymentPostprocessing = 0;
			shellPath = /bin/sh;
			shellScript = "diff \"${PODS_ROOT}/../Podfile.lock\" \"${PODS_ROOT}/Manifest.lock\" > /dev/null\nif [ $? != 0 ] ; then\n    # print error to STDERR\n    echo \"error: The sandbox is not in sync with the Podfile.lock. Run 'pod install' or update your CocoaPods installation.\" >&2\n    exit 1\nfi\n";
			showEnvVarsInLog = 0;
		};
		9450E04A571F24EC83ACA630 /* [CP] Embed Pods Frameworks */ = {
			isa = PBXShellScriptBuildPhase;
			buildActionMask = 2147483647;
			files = (
			);
			inputPaths = (
			);
			name = "[CP] Embed Pods Frameworks";
			outputPaths = (
			);
			runOnlyForDeploymentPostprocessing = 0;
			shellPath = /bin/sh;
			shellScript = "\"${SRCROOT}/Pods/Target Support Files/Pods-Facebook-clone/Pods-Facebook-clone-frameworks.sh\"\n";
			showEnvVarsInLog = 0;
		};
		CDE6BC781E9A44810036FD8C /* ShellScript */ = {
			isa = PBXShellScriptBuildPhase;
			buildActionMask = 2147483647;
			files = (
			);
			inputPaths = (
			);
			outputPaths = (
			);
			runOnlyForDeploymentPostprocessing = 0;
			shellPath = /bin/sh;
			shellScript = "if which swiftlint >/dev/null; then\nswiftlint\nelse\necho \"warning: SwiftLint not installed, download from https://github.com/realm/SwiftLint\"\nfi";
		};
/* End PBXShellScriptBuildPhase section */

/* Begin PBXSourcesBuildPhase section */
		CDE6BC5B1E9A44110036FD8C /* Sources */ = {
			isa = PBXSourcesBuildPhase;
			buildActionMask = 2147483647;
			files = (
				CDE6BC9D1E9A48D50036FD8C /* SignInVC.swift in Sources */,
				CDE670351E9E752500D73EB7 /* CustomButton.swift in Sources */,
				CDE670421E9E825000D73EB7 /* Bordered.swift in Sources */,
				CDE6BC631E9A44110036FD8C /* AppDelegate.swift in Sources */,
				CDE670371E9E755C00D73EB7 /* CustomTextField.swift in Sources */,
				CDE670401E9E810B00D73EB7 /* Rounded.swift in Sources */,
			);
			runOnlyForDeploymentPostprocessing = 0;
		};
/* End PBXSourcesBuildPhase section */

/* Begin PBXVariantGroup section */
		CDE6BC961E9A48C80036FD8C /* LaunchScreen.storyboard */ = {
			isa = PBXVariantGroup;
			children = (
				CDE6BC971E9A48C80036FD8C /* Base */,
			);
			name = LaunchScreen.storyboard;
			sourceTree = "<group>";
		};
		CDE6BC981E9A48C80036FD8C /* Main.storyboard */ = {
			isa = PBXVariantGroup;
			children = (
				CDE6BC991E9A48C80036FD8C /* Base */,
			);
			name = Main.storyboard;
			sourceTree = "<group>";
		};
/* End PBXVariantGroup section */

/* Begin XCBuildConfiguration section */
		CDE6BC6F1E9A44110036FD8C /* Debug */ = {
			isa = XCBuildConfiguration;
			buildSettings = {
				ALWAYS_SEARCH_USER_PATHS = NO;
				CLANG_ANALYZER_NONNULL = YES;
				CLANG_CXX_LANGUAGE_STANDARD = "gnu++0x";
				CLANG_CXX_LIBRARY = "libc++";
				CLANG_ENABLE_MODULES = YES;
				CLANG_ENABLE_OBJC_ARC = YES;
				CLANG_WARN_BOOL_CONVERSION = YES;
				CLANG_WARN_CONSTANT_CONVERSION = YES;
				CLANG_WARN_DIRECT_OBJC_ISA_USAGE = YES_ERROR;
				CLANG_WARN_DOCUMENTATION_COMMENTS = YES;
				CLANG_WARN_EMPTY_BODY = YES;
				CLANG_WARN_ENUM_CONVERSION = YES;
				CLANG_WARN_INFINITE_RECURSION = YES;
				CLANG_WARN_INT_CONVERSION = YES;
				CLANG_WARN_OBJC_ROOT_CLASS = YES_ERROR;
				CLANG_WARN_SUSPICIOUS_MOVE = YES;
				CLANG_WARN_UNREACHABLE_CODE = YES;
				CLANG_WARN__DUPLICATE_METHOD_MATCH = YES;
				"CODE_SIGN_IDENTITY[sdk=iphoneos*]" = "iPhone Developer";
				COPY_PHASE_STRIP = NO;
				DEBUG_INFORMATION_FORMAT = dwarf;
				ENABLE_STRICT_OBJC_MSGSEND = YES;
				ENABLE_TESTABILITY = YES;
				GCC_C_LANGUAGE_STANDARD = gnu99;
				GCC_DYNAMIC_NO_PIC = NO;
				GCC_NO_COMMON_BLOCKS = YES;
				GCC_OPTIMIZATION_LEVEL = 0;
				GCC_PREPROCESSOR_DEFINITIONS = (
					"DEBUG=1",
					"$(inherited)",
				);
				GCC_WARN_64_TO_32_BIT_CONVERSION = YES;
				GCC_WARN_ABOUT_RETURN_TYPE = YES_ERROR;
				GCC_WARN_UNDECLARED_SELECTOR = YES;
				GCC_WARN_UNINITIALIZED_AUTOS = YES_AGGRESSIVE;
				GCC_WARN_UNUSED_FUNCTION = YES;
				GCC_WARN_UNUSED_VARIABLE = YES;
				IPHONEOS_DEPLOYMENT_TARGET = 10.2;
				MTL_ENABLE_DEBUG_INFO = YES;
				ONLY_ACTIVE_ARCH = YES;
				SDKROOT = iphoneos;
				SWIFT_ACTIVE_COMPILATION_CONDITIONS = DEBUG;
				SWIFT_OPTIMIZATION_LEVEL = "-Onone";
			};
			name = Debug;
		};
		CDE6BC701E9A44110036FD8C /* Release */ = {
			isa = XCBuildConfiguration;
			buildSettings = {
				ALWAYS_SEARCH_USER_PATHS = NO;
				CLANG_ANALYZER_NONNULL = YES;
				CLANG_CXX_LANGUAGE_STANDARD = "gnu++0x";
				CLANG_CXX_LIBRARY = "libc++";
				CLANG_ENABLE_MODULES = YES;
				CLANG_ENABLE_OBJC_ARC = YES;
				CLANG_WARN_BOOL_CONVERSION = YES;
				CLANG_WARN_CONSTANT_CONVERSION = YES;
				CLANG_WARN_DIRECT_OBJC_ISA_USAGE = YES_ERROR;
				CLANG_WARN_DOCUMENTATION_COMMENTS = YES;
				CLANG_WARN_EMPTY_BODY = YES;
				CLANG_WARN_ENUM_CONVERSION = YES;
				CLANG_WARN_INFINITE_RECURSION = YES;
				CLANG_WARN_INT_CONVERSION = YES;
				CLANG_WARN_OBJC_ROOT_CLASS = YES_ERROR;
				CLANG_WARN_SUSPICIOUS_MOVE = YES;
				CLANG_WARN_UNREACHABLE_CODE = YES;
				CLANG_WARN__DUPLICATE_METHOD_MATCH = YES;
				"CODE_SIGN_IDENTITY[sdk=iphoneos*]" = "iPhone Developer";
				COPY_PHASE_STRIP = NO;
				DEBUG_INFORMATION_FORMAT = "dwarf-with-dsym";
				ENABLE_NS_ASSERTIONS = NO;
				ENABLE_STRICT_OBJC_MSGSEND = YES;
				GCC_C_LANGUAGE_STANDARD = gnu99;
				GCC_NO_COMMON_BLOCKS = YES;
				GCC_WARN_64_TO_32_BIT_CONVERSION = YES;
				GCC_WARN_ABOUT_RETURN_TYPE = YES_ERROR;
				GCC_WARN_UNDECLARED_SELECTOR = YES;
				GCC_WARN_UNINITIALIZED_AUTOS = YES_AGGRESSIVE;
				GCC_WARN_UNUSED_FUNCTION = YES;
				GCC_WARN_UNUSED_VARIABLE = YES;
				IPHONEOS_DEPLOYMENT_TARGET = 10.2;
				MTL_ENABLE_DEBUG_INFO = NO;
				SDKROOT = iphoneos;
				SWIFT_OPTIMIZATION_LEVEL = "-Owholemodule";
				VALIDATE_PRODUCT = YES;
			};
			name = Release;
		};
		CDE6BC721E9A44110036FD8C /* Debug */ = {
			isa = XCBuildConfiguration;
			baseConfigurationReference = 827FC3703A7A3F65AA3F5E94 /* Pods-Facebook-clone.debug.xcconfig */;
			buildSettings = {
				ASSETCATALOG_COMPILER_APPICON_NAME = AppIcon;
				DEVELOPMENT_TEAM = K39GEY9S2K;
				INFOPLIST_FILE = "$(SRCROOT)/Facebook-clone/Config/Info.plist";
				LD_RUNPATH_SEARCH_PATHS = "$(inherited) @executable_path/Frameworks";
				PRODUCT_BUNDLE_IDENTIFIER = "com.ylth.Facebook-clone";
				PRODUCT_NAME = "$(TARGET_NAME)";
				SWIFT_VERSION = 3.0;
			};
			name = Debug;
		};
		CDE6BC731E9A44110036FD8C /* Release */ = {
			isa = XCBuildConfiguration;
			baseConfigurationReference = D4FD18F1B3EFC8282D33E70E /* Pods-Facebook-clone.release.xcconfig */;
			buildSettings = {
				ASSETCATALOG_COMPILER_APPICON_NAME = AppIcon;
				DEVELOPMENT_TEAM = K39GEY9S2K;
				INFOPLIST_FILE = "$(SRCROOT)/Facebook-clone/Config/Info.plist";
				LD_RUNPATH_SEARCH_PATHS = "$(inherited) @executable_path/Frameworks";
				PRODUCT_BUNDLE_IDENTIFIER = "com.ylth.Facebook-clone";
				PRODUCT_NAME = "$(TARGET_NAME)";
				SWIFT_VERSION = 3.0;
			};
			name = Release;
		};
/* End XCBuildConfiguration section */

/* Begin XCConfigurationList section */
		CDE6BC5A1E9A44110036FD8C /* Build configuration list for PBXProject "Facebook-clone" */ = {
			isa = XCConfigurationList;
			buildConfigurations = (
				CDE6BC6F1E9A44110036FD8C /* Debug */,
				CDE6BC701E9A44110036FD8C /* Release */,
			);
			defaultConfigurationIsVisible = 0;
			defaultConfigurationName = Release;
		};
		CDE6BC711E9A44110036FD8C /* Build configuration list for PBXNativeTarget "Facebook-clone" */ = {
			isa = XCConfigurationList;
			buildConfigurations = (
				CDE6BC721E9A44110036FD8C /* Debug */,
				CDE6BC731E9A44110036FD8C /* Release */,
			);
			defaultConfigurationIsVisible = 0;
			defaultConfigurationName = Release;
		};
/* End XCConfigurationList section */
	};
	rootObject = CDE6BC571E9A44110036FD8C /* Project object */;
}
